dependencies:
- name: postgresql
  repository: https://charts.bitnami.com/bitnami
  version: 10.16.2
- name: redis
  repository: https://charts.bitnami.com/bitnami
  version: 16.13.2
digest: sha256:18611ba2fc4f455fc63ec5f09f1d38de40837f039fd3223437ae945beb186d12
generated: "2022-07-05T17:52:10.108476-04:00"
